
Microsoft Visual Studio Solution File, Format Version 12.00
# Visual Studio 15
VisualStudioVersion = 15.0.28010.2050
MinimumVisualStudioVersion = 10.0.40219.1
Project("{FAE04EC0-301F-11D3-BF4B-00C04F79EFBC}") = "Notes_V2", "Notes_V2\Notes_V2.csproj", "{09BA8F6C-6E12-4203-B015-0A1D5E977202}"
EndProject
Global
	GlobalSection(SolutionConfigurationPlatforms) = preSolution
		Debug|Any CPU = Debug|Any CPU
		Release|Any CPU = Release|Any CPU
	EndGlobalSection
	GlobalSection(ProjectConfigurationPlatforms) = postSolution
		{09BA8F6C-6E12-4203-B015-0A1D5E977202}.Debug|Any CPU.ActiveCfg = Debug|Any CPU
		{09BA8F6C-6E12-4203-B015-0A1D5E977202}.Debug|Any CPU.Build.0 = Debug|Any CPU
		{09BA8F6C-6E12-4203-B015-0A1D5E977202}.Debug|Any CPU.Deploy.0 = Debug|Any CPU
		{09BA8F6C-6E12-4203-B015-0A1D5E977202}.Release|Any CPU.ActiveCfg = Release|Any CPU
		{09BA8F6C-6E12-4203-B015-0A1D5E977202}.Release|Any CPU.Build.0 = Release|Any CPU
		{09BA8F6C-6E12-4203-B015-0A1D5E977202}.Release|Any CPU.Deploy.0 = Release|Any CPU
	EndGlobalSection
	GlobalSection(SolutionProperties) = preSolution
		HideSolutionNode = FALSE
	EndGlobalSection
	GlobalSection(ExtensibilityGlobals) = postSolution
		SolutionGuid = {34FEB216-27DA-4F18-94C8-97FFB553E3A4}
	EndGlobalSection
EndGlobal
